{
  "version": 4,
  "terraform_version": "1.4.5",
  "serial": 265,
  "lineage": "0e34b7a5-5d9e-e16b-6680-02e2d64d395e",
  "outputs": {},
  "resources": [
    {
      "mode": "data",
      "type": "aws_ecr_authorization_token",
      "name": "token",
      "provider": "provider[\"registry.terraform.io/hashicorp/aws\"]",
      "instances": [
        {
          "schema_version": 0,
          "attributes": {
            "authorization_token": "QVdTOmV5SndZWGxzYjJGa0lqb2lRVzVtTHpKTlVrNHZkazVNT1hGVFVGVlhTRVphWWtkd09YRkNWaXRDTDFCSFVIbFZiemQ1Tkcxb2JGVk5NMlpMUmpObmQyMDRWa3ROV1ZwVlQySlhURGRpT1hkSGMxQXdRbVJIUWxWYWVreHJXVFEyVTJaRlEzVmplWGhZWlZoSFYxYzJkazluT0cxSWFGRnJOU3R1TUdWMFMxRkxPRWhHYUVsRGJIcHhjeXN6ZGxWd1NIbEVUelJTZFZScFkwNVdjVFZRYkVoTE16ZE9lbE4zWkVRMFZEZDRZa0kwY1dNMlJqaDVhV0ptUjJWemRrb3JXV0pDZGpNeVRWVkxOamRtYUZsMVRuRlNhMDlpWmpKWU1pOXdTRGcwWVZOamJtMHZSbGc0V2tGWGJucHJVWEJsWlU4NGNrSjZNM2hZTVZnMGRUSmFibEZOVDJaVFdqTnVWVE5pZUc5aGJ5OHJjM2RKWmxSV2NWSm5XV3hPYlhWUlVIWXpiVmRYYlZVeGVsbE1aRlpDTDJSTFpucFpSek40ZDJwVVJFMVBkSFF4YURNdlNrZG5kVEZRUmtFemVHOVFXbVUzV0hsNVMyTkViRlJ5WkV3d1oyTnFXRkpXUkZCeFpVSmtRVXd5TUdobFVrSmlaVzgwUjJWcEwybGFOSGR3VWxneEwxVlBRV3R0WlZCdE9UQkZibkp4SzFBMmMwMU5TMDlxUmxOVU5FeFpOa0pUZFVZelZXTjBSakpsV0RSQ1VFWnFhRTkwY0dkbWRDdDZlSEl4UjIxS1JIcGlkMmd3UVVOdE1HMXZPRzFDY2tsTE5DOTNkM2h0ZHpGQ05EbG5jM1JsYnpSbFpDOU1VSE5pWTBKSU0wbDBTVlZOVGtkSlJIWlhTbTlHYzBaSFVIRk1Ua0pZZVcxUE4wMVJWMWg1WldGbFFVTlRlbWwzYTBOUmRtSnFaRkpRT0ZkaWNHWjZNVUYxVjJoTk5sWjROVEJRYjBkT1JubElhVmxXTUVneVVuRlFUMFo2YzFsSWRXRmlOR2R2UVVWemQwZDBibXd2Y0V4T2IwcGFaazQ0WW1RNWNVMHlTRVJhUkcxRlZubHNTR1ZzSzFSYVZWRlNVWEl5WWtoWU5tNVZSblp5U210RWFVMUJSRzE1VTI1YVRFTlVjVGh3TkVrdlVIZDFUamRKWjBOU1RuUldhMnBuWkU1TVMyOXJXVlpVUkRsaWNuTjFkRWgzYkV0cE1IUnFSVU5NVGxsaVpqZFJhVnBRUW5WMGJEVmtZVWRrV2twaU1YUmpUMk5aWW1kUVZHODRaMFYyY0RKb1VrVTJhMkY1ZG5reFlVOVlXVlp0UzNRd1lXVXhkVUkwTjA1Sk9VTXdhM0o2U0UwMVUyaHNjM3BSVm1KQ1YxVk5jRFZFVkU5UmNHNXBWVkZYZEc5TGRWVXhWMWc0ZDFKcFl6TkVOalk0YjFsdWVuaDFRbEpVTjAxTVRFOUZha2x2UlV4cVUxUm9WalI1YmpocGJteDZPV3R6U1V4MVdHRk1kMHBoY0hSMWNrVlJZbVJsVUZoSVVYcDFVMFZhTVdGTVpYcFVOMklyV21SaWVYVlVXRkp4WVZoR1oybHBMMjB3YjNWVWRHcFBTVWR5ZVZGd1RIQkxNSFIyVjFwdmNFSkdZVEkzVFVkclFVNVNUMnhTWXpsRWJGUTNlR05uYW01cmJVc3ZXSEJ4VldoWVdTdDRVU3N5U20xSFZWWnhiRVV2V0VrMlEwOXViMmRaVG1aWlFsazJZakZYU25oSVdtODBiekJXUlV3d01IZHpiR05LVTFSUGRYVnliRTVRZWxoR1dWcHpWWFpQVVdOb1ZEWnZhMjFsZERWd1p6MDlJaXdpWkdGMFlXdGxlU0k2SWtGUlJVSkJTR2gzYlRCWllVbFRTbVZTZEVwdE5XNHhSeloxY1dWbGExaDFiMWhZVUdVMVZVWmpaVGxTY1Rndk1UUjNRVUZCU0RSM1prRlpTa3R2V2tsb2RtTk9RVkZqUjI5SE9IZGlVVWxDUVVSQ2IwSm5hM0ZvYTJsSE9YY3dRa0ozUlhkSVoxbEtXVWxhU1VGWFZVUkNRVVYxVFVKRlJVUktNVXN6VTJKbk1FeFFhVWhOUVd0dWQwbENSVWxCTjFVemJ5dFBiRVY0Y0RsVFZuTnJkeXRyYW5CVmNtdHlXRk5JTkVsWVMwNHpUVzVyYkZadEx6RkRWV2x2WTFBMlNYVlpkVGxKZDFjNUwzUnBiblYzU1haVGVVSlhVV0ZqWWtKdWRraGtPRVU5SWl3aWRtVnljMmx2YmlJNklqSWlMQ0owZVhCbElqb2lSRUZVUVY5TFJWa2lMQ0psZUhCcGNtRjBhVzl1SWpveE5qZ3hPRGN5T1RrMmZRPT0=",
            "expires_at": "2023-04-19T02:56:36Z",
            "id": "us-east-1",
            "password": "eyJwYXlsb2FkIjoiQW5mLzJNUk4vdk5MOXFTUFVXSEZaYkdwOXFCVitCL1BHUHlVbzd5NG1obFVNM2ZLRjNnd204VktNWVpVT2JXTDdiOXdHc1AwQmRHQlVaekxrWTQ2U2ZFQ3VjeXhYZVhHV1c2dk9nOG1IaFFrNStuMGV0S1FLOEhGaElDbHpxcyszdlVwSHlETzRSdVRpY05WcTVQbEhLMzdOelN3ZEQ0VDd4YkI0cWM2Rjh5aWJmR2VzdkorWWJCdjMyTVVLNjdmaFl1TnFSa09iZjJYMi9wSDg0YVNjbm0vRlg4WkFXbnprUXBlZU84ckJ6M3hYMVg0dTJablFNT2ZTWjNuVTNieG9hby8rc3dJZlRWcVJnWWxObXVRUHYzbVdXbVUxellMZFZCL2RLZnpZRzN4d2pURE1PdHQxaDMvSkdndTFQRkEzeG9QWmU3WHl5S2NEbFRyZEwwZ2NqWFJWRFBxZUJkQUwyMGhlUkJiZW80R2VpL2laNHdwUlgxL1VPQWttZVBtOTBFbnJxK1A2c01NS09qRlNUNExZNkJTdUYzVWN0RjJlWDRCUEZqaE90cGdmdCt6eHIxR21KRHpid2gwQUNtMG1vOG1CcklLNC93d3htdzFCNDlnc3RlbzRlZC9MUHNiY0JIM0l0SVVNTkdJRHZXSm9Gc0ZHUHFMTkJYeW1PN01RV1h5ZWFlQUNTeml3a0NRdmJqZFJQOFdicGZ6MUF1V2hNNlZ4NTBQb0dORnlIaVlWMEgyUnFQT0Z6c1lIdWFiNGdvQUVzd0d0bmwvcExOb0paZk44YmQ5cU0ySERaRG1FVnlsSGVsK1RaVVFSUXIyYkhYNm5VRnZySmtEaU1BRG15U25aTENUcThwNEkvUHd1TjdJZ0NSTnRWa2pnZE5MS29rWVZURDlicnN1dEh3bEtpMHRqRUNMTlliZjdRaVpQQnV0bDVkYUdkWkpiMXRjT2NZYmdQVG84Z0V2cDJoUkU2a2F5dnkxYU9YWVZtS3QwYWUxdUI0N05JOUMwa3J6SE01U2hsc3pRVmJCV1VNcDVEVE9RcG5pVVFXdG9LdVUxV1g4d1JpYzNENjY4b1luenh1QlJUN01MTE9FaklvRUxqU1RoVjR5bjhpbmx6OWtzSUx1WGFMd0phcHR1ckVRYmRlUFhIUXp1U0VaMWFMZXpUN2IrWmRieXVUWFJxYVhGZ2lpL20wb3VUdGpPSUdyeVFwTHBLMHR2V1pvcEJGYTI3TUdrQU5ST2xSYzlEbFQ3eGNnam5rbUsvWHBxVWhYWSt4USsySm1HVVZxbEUvWEk2Q09ub2dZTmZZQlk2YjFXSnhIWm80bzBWRUwwMHdzbGNKU1RPdXVybE5QelhGWVpzVXZPUWNoVDZva21ldDVwZz09IiwiZGF0YWtleSI6IkFRRUJBSGh3bTBZYUlTSmVSdEptNW4xRzZ1cWVla1h1b1hYUGU1VUZjZTlScTgvMTR3QUFBSDR3ZkFZSktvWklodmNOQVFjR29HOHdiUUlCQURCb0Jna3Foa2lHOXcwQkJ3RXdIZ1lKWUlaSUFXVURCQUV1TUJFRURKMUszU2JnMExQaUhNQWtud0lCRUlBN1UzbytPbEV4cDlTVnNrdytranBVcmtyWFNINElYS04zTW5rbFZtLzFDVWlvY1A2SXVZdTlJd1c5L3RpbnV3SXZTeUJXUWFjYkJudkhkOEU9IiwidmVyc2lvbiI6IjIiLCJ0eXBlIjoiREFUQV9LRVkiLCJleHBpcmF0aW9uIjoxNjgxODcyOTk2fQ==",
            "proxy_endpoint": "https://499632135972.dkr.ecr.us-east-1.amazonaws.com",
            "registry_id": null,
            "user_name": "AWS"
          },
          "sensitive_attributes": []
        }
      ]
    },
    {
      "mode": "data",
      "type": "aws_ecr_image",
      "name": "ecr_image",
      "provider": "provider[\"registry.terraform.io/hashicorp/aws\"]",
      "instances": [
        {
          "schema_version": 0,
          "attributes": {
            "id": "sha256:70a04089b10584f4fcdcddaad94a5dc2b17880ecbf41d044e3669a352483616c",
            "image_digest": "sha256:70a04089b10584f4fcdcddaad94a5dc2b17880ecbf41d044e3669a352483616c",
            "image_pushed_at": 1681829892,
            "image_size_in_bytes": 225703745,
            "image_tag": "latest",
            "image_tags": [
              "latest"
            ],
            "most_recent": null,
            "registry_id": "499632135972",
            "repository_name": "my-app"
          },
          "sensitive_attributes": []
        }
      ]
    },
    {
      "mode": "data",
      "type": "aws_iam_policy_document",
      "name": "s3_policy",
      "provider": "provider[\"registry.terraform.io/hashicorp/aws\"]",
      "instances": [
        {
          "schema_version": 0,
          "attributes": {
            "id": "1927290046",
            "json": "{\n  \"Version\": \"2012-10-17\",\n  \"Statement\": [\n    {\n      \"Sid\": \"\",\n      \"Effect\": \"Allow\",\n      \"Action\": \"s3:GetObject\",\n      \"Resource\": \"arn:aws:s3:::simonresume/*\",\n      \"Principal\": {\n        \"AWS\": \"arn:aws:iam::cloudfront:user/CloudFront Origin Access Identity EH7RPW8FYGL9B\"\n      }\n    }\n  ]\n}",
            "override_json": null,
            "override_policy_documents": null,
            "policy_id": null,
            "source_json": null,
            "source_policy_documents": null,
            "statement": [
              {
                "actions": [
                  "s3:GetObject"
                ],
                "condition": [],
                "effect": "Allow",
                "not_actions": [],
                "not_principals": [],
                "not_resources": [],
                "principals": [
                  {
                    "identifiers": [
                      "arn:aws:iam::cloudfront:user/CloudFront Origin Access Identity EH7RPW8FYGL9B"
                    ],
                    "type": "AWS"
                  }
                ],
                "resources": [
                  "arn:aws:s3:::simonresume/*"
                ],
                "sid": ""
              }
            ],
            "version": "2012-10-17"
          },
          "sensitive_attributes": []
        }
      ]
    },
    {
      "mode": "data",
      "type": "aws_route53_zone",
      "name": "hosted_zone",
      "provider": "provider[\"registry.terraform.io/hashicorp/aws\"]",
      "instances": [
        {
          "schema_version": 0,
          "attributes": {
            "arn": "arn:aws:route53:::hostedzone/Z0513579U6CHH2XQNOAD",
            "caller_reference": "RISWorkflow-RD:45c1cf5e-3bde-47f9-8beb-7e30c86c1493",
            "comment": "HostedZone created by Route53 Registrar",
            "id": "Z0513579U6CHH2XQNOAD",
            "linked_service_description": null,
            "linked_service_principal": null,
            "name": "simonhaddadgervais.com",
            "name_servers": [
              "ns-377.awsdns-47.com",
              "ns-1140.awsdns-14.org",
              "ns-515.awsdns-00.net",
              "ns-1987.awsdns-56.co.uk"
            ],
            "primary_name_server": "ns-377.awsdns-47.com",
            "private_zone": false,
            "resource_record_set_count": 4,
            "tags": {},
            "vpc_id": null,
            "zone_id": "Z0513579U6CHH2XQNOAD"
          },
          "sensitive_attributes": []
        }
      ]
    },
    {
      "mode": "managed",
      "type": "aws_acm_certificate",
      "name": "certificate",
      "provider": "provider[\"registry.terraform.io/hashicorp/aws\"]",
      "instances": [
        {
          "schema_version": 0,
          "attributes": {
            "arn": "arn:aws:acm:us-east-1:499632135972:certificate/5cc7d634-29a6-450b-92fb-fcf0a24f7125",
            "certificate_authority_arn": "",
            "certificate_body": null,
            "certificate_chain": null,
            "domain_name": "simonhaddadgervais.com",
            "domain_validation_options": [
              {
                "domain_name": "simonhaddadgervais.com",
                "resource_record_name": "_6df97d2a6f3bc992dce16bf7d8eb8468.simonhaddadgervais.com.",
                "resource_record_type": "CNAME",
                "resource_record_value": "_1522a82f021268afcc776c9ed6616577.ndlxkpgcgs.acm-validations.aws."
              }
            ],
            "early_renewal_duration": "",
            "id": "arn:aws:acm:us-east-1:499632135972:certificate/5cc7d634-29a6-450b-92fb-fcf0a24f7125",
            "key_algorithm": "RSA_2048",
            "not_after": "2024-05-14T23:59:59Z",
            "not_before": "2023-04-16T00:00:00Z",
            "options": [
              {
                "certificate_transparency_logging_preference": "ENABLED"
              }
            ],
            "pending_renewal": false,
            "private_key": null,
            "renewal_eligibility": "ELIGIBLE",
            "renewal_summary": [],
            "status": "ISSUED",
            "subject_alternative_names": [
              "simonhaddadgervais.com"
            ],
            "tags": {},
            "tags_all": {},
            "type": "AMAZON_ISSUED",
            "validation_emails": [],
            "validation_method": "DNS",
            "validation_option": []
          },
          "sensitive_attributes": [],
          "private": "bnVsbA==",
          "create_before_destroy": true
        }
      ]
    },
    {
      "mode": "managed",
      "type": "aws_acm_certificate_validation",
      "name": "certificate_validation",
      "provider": "provider[\"registry.terraform.io/hashicorp/aws\"]",
      "instances": [
        {
          "schema_version": 0,
          "attributes": {
            "certificate_arn": "arn:aws:acm:us-east-1:499632135972:certificate/5cc7d634-29a6-450b-92fb-fcf0a24f7125",
            "id": "2023-04-16 15:45:25.901 +0000 UTC",
            "timeouts": null,
            "validation_record_fqdns": [
              "_6df97d2a6f3bc992dce16bf7d8eb8468.simonhaddadgervais.com"
            ]
          },
          "sensitive_attributes": [],
          "private": "eyJlMmJmYjczMC1lY2FhLTExZTYtOGY4OC0zNDM2M2JjN2M0YzAiOnsiY3JlYXRlIjo0NTAwMDAwMDAwMDAwfX0=",
          "dependencies": [
            "aws_acm_certificate.certificate",
            "aws_route53_record.record_validate"
          ]
        }
      ]
    },
    {
      "mode": "managed",
      "type": "aws_api_gateway_deployment",
      "name": "deployment",
      "provider": "provider[\"registry.terraform.io/hashicorp/aws\"]",
      "instances": [
        {
          "schema_version": 0,
          "attributes": {
            "created_date": "2023-04-17T18:11:25Z",
            "description": "",
            "execution_arn": "arn:aws:execute-api:us-east-1:499632135972:s49ci2jxd9/",
            "id": "s5xy4g",
            "invoke_url": "https://s49ci2jxd9.execute-api.us-east-1.amazonaws.com/",
            "rest_api_id": "s49ci2jxd9",
            "stage_description": null,
            "stage_name": null,
            "triggers": {
              "redeployment": "d30e7a81f046d800947d4b2a170f572abaad8786f41dc6d53898c66877cee7ef"
            },
            "variables": null
          },
          "sensitive_attributes": [],
          "private": "bnVsbA==",
          "dependencies": [
            "aws_api_gateway_integration.integration",
            "aws_api_gateway_method.api_method",
            "aws_api_gateway_resource.api_resource",
            "aws_api_gateway_rest_api.rest_api",
            "aws_ecr_repository.repo",
            "aws_iam_role.lambda_role",
            "aws_lambda_function.test_lambda",
            "data.aws_ecr_authorization_token.token",
            "data.aws_ecr_image.ecr_image",
            "docker_registry_image.repo"
          ],
          "create_before_destroy": true
        }
      ]
    },
    {
      "mode": "managed",
      "type": "aws_api_gateway_integration",
      "name": "integration",
      "provider": "provider[\"registry.terraform.io/hashicorp/aws\"]",
      "instances": [
        {
          "schema_version": 0,
          "attributes": {
            "cache_key_parameters": [],
            "cache_namespace": "90qr02",
            "connection_id": "",
            "connection_type": "INTERNET",
            "content_handling": "",
            "credentials": "",
            "http_method": "GET",
            "id": "agi-s49ci2jxd9-90qr02-GET",
            "integration_http_method": "POST",
            "passthrough_behavior": "WHEN_NO_MATCH",
            "request_parameters": {},
            "request_templates": {},
            "resource_id": "90qr02",
            "rest_api_id": "s49ci2jxd9",
            "timeout_milliseconds": 29000,
            "tls_config": [],
            "type": "AWS",
            "uri": "arn:aws:apigateway:us-east-1:lambda:path/2015-03-31/functions/arn:aws:lambda:us-east-1:499632135972:function:visitor_count/invocations"
          },
          "sensitive_attributes": [],
          "private": "bnVsbA==",
          "dependencies": [
            "aws_api_gateway_method.api_method",
            "aws_api_gateway_resource.api_resource",
            "aws_api_gateway_rest_api.rest_api",
            "aws_ecr_repository.repo",
            "aws_iam_role.lambda_role",
            "aws_lambda_function.test_lambda",
            "data.aws_ecr_authorization_token.token",
            "data.aws_ecr_image.ecr_image",
            "docker_registry_image.repo"
          ],
          "create_before_destroy": true
        }
      ]
    },
    {
      "mode": "managed",
      "type": "aws_api_gateway_integration_response",
      "name": "response",
      "provider": "provider[\"registry.terraform.io/hashicorp/aws\"]",
      "instances": [
        {
          "schema_version": 0,
          "attributes": {
            "content_handling": "",
            "http_method": "GET",
            "id": "agir-s49ci2jxd9-90qr02-GET-200",
            "resource_id": "90qr02",
            "response_parameters": {
              "method.response.header.Access-Control-Allow-Origin": "'*'"
            },
            "response_templates": {
              "application/json": "#set($inputRoot = $input.path('$'))\n$inputRoot.body\n"
            },
            "rest_api_id": "s49ci2jxd9",
            "selection_pattern": "",
            "status_code": "200"
          },
          "sensitive_attributes": [],
          "private": "bnVsbA==",
          "dependencies": [
            "aws_api_gateway_integration.integration",
            "aws_api_gateway_method.api_method",
            "aws_api_gateway_method_response.response_200",
            "aws_api_gateway_resource.api_resource",
            "aws_api_gateway_rest_api.rest_api",
            "aws_ecr_repository.repo",
            "aws_iam_role.lambda_role",
            "aws_lambda_function.test_lambda",
            "data.aws_ecr_authorization_token.token",
            "data.aws_ecr_image.ecr_image",
            "docker_registry_image.repo"
          ]
        }
      ]
    },
    {
      "mode": "managed",
      "type": "aws_api_gateway_method",
      "name": "api_method",
      "provider": "provider[\"registry.terraform.io/hashicorp/aws\"]",
      "instances": [
        {
          "schema_version": 0,
          "attributes": {
            "api_key_required": false,
            "authorization": "NONE",
            "authorization_scopes": [],
            "authorizer_id": "",
            "http_method": "GET",
            "id": "agm-s49ci2jxd9-90qr02-GET",
            "operation_name": "",
            "request_models": {},
            "request_parameters": {},
            "request_validator_id": "",
            "resource_id": "90qr02",
            "rest_api_id": "s49ci2jxd9"
          },
          "sensitive_attributes": [],
          "private": "bnVsbA==",
          "dependencies": [
            "aws_api_gateway_resource.api_resource",
            "aws_api_gateway_rest_api.rest_api"
          ],
          "create_before_destroy": true
        }
      ]
    },
    {
      "mode": "managed",
      "type": "aws_api_gateway_method_response",
      "name": "response_200",
      "provider": "provider[\"registry.terraform.io/hashicorp/aws\"]",
      "instances": [
        {
          "schema_version": 0,
          "attributes": {
            "http_method": "GET",
            "id": "agmr-s49ci2jxd9-90qr02-GET-200",
            "resource_id": "90qr02",
            "response_models": {},
            "response_parameters": {
              "method.response.header.Access-Control-Allow-Origin": true
            },
            "rest_api_id": "s49ci2jxd9",
            "status_code": "200"
          },
          "sensitive_attributes": [],
          "private": "bnVsbA==",
          "dependencies": [
            "aws_api_gateway_method.api_method",
            "aws_api_gateway_resource.api_resource",
            "aws_api_gateway_rest_api.rest_api"
          ]
        }
      ]
    },
    {
      "mode": "managed",
      "type": "aws_api_gateway_resource",
      "name": "api_resource",
      "provider": "provider[\"registry.terraform.io/hashicorp/aws\"]",
      "instances": [
        {
          "schema_version": 0,
          "attributes": {
            "id": "90qr02",
            "parent_id": "x5606fdxt5",
            "path": "/visitors_count",
            "path_part": "visitors_count",
            "rest_api_id": "s49ci2jxd9"
          },
          "sensitive_attributes": [],
          "private": "bnVsbA==",
          "dependencies": [
            "aws_api_gateway_rest_api.rest_api"
          ],
          "create_before_destroy": true
        }
      ]
    },
    {
      "mode": "managed",
      "type": "aws_api_gateway_rest_api",
      "name": "rest_api",
      "provider": "provider[\"registry.terraform.io/hashicorp/aws\"]",
      "instances": [
        {
          "schema_version": 0,
          "attributes": {
            "api_key_source": "HEADER",
            "arn": "arn:aws:apigateway:us-east-1::/restapis/s49ci2jxd9",
            "binary_media_types": [],
            "body": null,
            "created_date": "2023-04-17T18:11:23Z",
            "description": "",
            "disable_execute_api_endpoint": false,
            "endpoint_configuration": [
              {
                "types": [
                  "EDGE"
                ],
                "vpc_endpoint_ids": []
              }
            ],
            "execution_arn": "arn:aws:execute-api:us-east-1:499632135972:s49ci2jxd9",
            "fail_on_warnings": null,
            "id": "s49ci2jxd9",
            "minimum_compression_size": -1,
            "name": "rest_api",
            "parameters": null,
            "policy": "",
            "put_rest_api_mode": null,
            "root_resource_id": "x5606fdxt5",
            "tags": {},
            "tags_all": {}
          },
          "sensitive_attributes": [],
          "private": "bnVsbA==",
          "create_before_destroy": true
        }
      ]
    },
    {
      "mode": "managed",
      "type": "aws_api_gateway_stage",
      "name": "stage",
      "provider": "provider[\"registry.terraform.io/hashicorp/aws\"]",
      "instances": [
        {
          "schema_version": 0,
          "attributes": {
            "access_log_settings": [],
            "arn": "arn:aws:apigateway:us-east-1::/restapis/s49ci2jxd9/stages/Prod",
            "cache_cluster_enabled": false,
            "cache_cluster_size": "",
            "canary_settings": [],
            "client_certificate_id": "",
            "deployment_id": "s5xy4g",
            "description": "",
            "documentation_version": "",
            "execution_arn": "arn:aws:execute-api:us-east-1:499632135972:s49ci2jxd9/Prod",
            "id": "ags-s49ci2jxd9-Prod",
            "invoke_url": "https://s49ci2jxd9.execute-api.us-east-1.amazonaws.com/Prod",
            "rest_api_id": "s49ci2jxd9",
            "stage_name": "Prod",
            "tags": {},
            "tags_all": {},
            "variables": {},
            "web_acl_arn": "",
            "xray_tracing_enabled": false
          },
          "sensitive_attributes": [],
          "private": "bnVsbA==",
          "dependencies": [
            "aws_api_gateway_deployment.deployment",
            "aws_api_gateway_integration.integration",
            "aws_api_gateway_method.api_method",
            "aws_api_gateway_resource.api_resource",
            "aws_api_gateway_rest_api.rest_api",
            "aws_ecr_repository.repo",
            "aws_iam_role.lambda_role",
            "aws_lambda_function.test_lambda",
            "data.aws_ecr_authorization_token.token",
            "data.aws_ecr_image.ecr_image",
            "docker_registry_image.repo"
          ]
        }
      ]
    },
    {
      "mode": "managed",
      "type": "aws_cloudfront_distribution",
      "name": "s3_distribution",
      "provider": "provider[\"registry.terraform.io/hashicorp/aws\"]",
      "instances": [
        {
          "schema_version": 1,
          "attributes": {
            "aliases": [
              "simonhaddadgervais.com"
            ],
            "arn": "arn:aws:cloudfront::499632135972:distribution/E2WEBZJRYH0U6V",
            "caller_reference": "terraform-20230416154513206900000004",
            "comment": "Some comment",
            "custom_error_response": [],
            "default_cache_behavior": [
              {
                "allowed_methods": [
                  "DELETE",
                  "GET",
                  "HEAD",
                  "OPTIONS",
                  "PATCH",
                  "POST",
                  "PUT"
                ],
                "cache_policy_id": "",
                "cached_methods": [
                  "GET",
                  "HEAD"
                ],
                "compress": false,
                "default_ttl": 60,
                "field_level_encryption_id": "",
                "forwarded_values": [
                  {
                    "cookies": [
                      {
                        "forward": "none",
                        "whitelisted_names": []
                      }
                    ],
                    "headers": [],
                    "query_string": false,
                    "query_string_cache_keys": []
                  }
                ],
                "function_association": [],
                "lambda_function_association": [],
                "max_ttl": 86400,
                "min_ttl": 0,
                "origin_request_policy_id": "",
                "realtime_log_config_arn": "",
                "response_headers_policy_id": "",
                "smooth_streaming": false,
                "target_origin_id": "myS3Origin",
                "trusted_key_groups": [],
                "trusted_signers": [],
                "viewer_protocol_policy": "allow-all"
              }
            ],
            "default_root_object": "index.html",
            "domain_name": "d3onzh02aphkf.cloudfront.net",
            "enabled": true,
            "etag": "EUEF9BWYS4X6I",
            "hosted_zone_id": "Z2FDTNDATAQYW2",
            "http_version": "http2",
            "id": "E2WEBZJRYH0U6V",
            "in_progress_validation_batches": 0,
            "is_ipv6_enabled": true,
            "last_modified_time": "2023-04-18 12:48:27.824 +0000 UTC",
            "logging_config": [],
            "ordered_cache_behavior": [],
            "origin": [
              {
                "connection_attempts": 3,
                "connection_timeout": 10,
                "custom_header": [],
                "custom_origin_config": [],
                "domain_name": "simonresume.s3.amazonaws.com",
                "origin_access_control_id": "",
                "origin_id": "myS3Origin",
                "origin_path": "",
                "origin_shield": [],
                "s3_origin_config": [
                  {
                    "origin_access_identity": "origin-access-identity/cloudfront/EH7RPW8FYGL9B"
                  }
                ]
              }
            ],
            "origin_group": [],
            "price_class": "PriceClass_All",
            "restrictions": [
              {
                "geo_restriction": [
                  {
                    "locations": [],
                    "restriction_type": "none"
                  }
                ]
              }
            ],
            "retain_on_delete": false,
            "status": "Deployed",
            "tags": {},
            "tags_all": {},
            "trusted_key_groups": [
              {
                "enabled": false,
                "items": []
              }
            ],
            "trusted_signers": [
              {
                "enabled": false,
                "items": []
              }
            ],
            "viewer_certificate": [
              {
                "acm_certificate_arn": "arn:aws:acm:us-east-1:499632135972:certificate/5cc7d634-29a6-450b-92fb-fcf0a24f7125",
                "cloudfront_default_certificate": false,
                "iam_certificate_id": "",
                "minimum_protocol_version": "TLSv1.1_2016",
                "ssl_support_method": "sni-only"
              }
            ],
            "wait_for_deployment": true,
            "web_acl_id": ""
          },
          "sensitive_attributes": [],
          "private": "eyJzY2hlbWFfdmVyc2lvbiI6IjEifQ==",
          "dependencies": [
            "aws_acm_certificate.certificate",
            "aws_cloudfront_origin_access_identity.origin_access_identity",
            "aws_s3_bucket.bucket"
          ]
        }
      ]
    },
    {
      "mode": "managed",
      "type": "aws_cloudfront_origin_access_identity",
      "name": "origin_access_identity",
      "provider": "provider[\"registry.terraform.io/hashicorp/aws\"]",
      "instances": [
        {
          "schema_version": 0,
          "attributes": {
            "caller_reference": "terraform-20230416154505633300000001",
            "cloudfront_access_identity_path": "origin-access-identity/cloudfront/EH7RPW8FYGL9B",
            "comment": "Some comment",
            "etag": "E1SS72L8SOEQQ0",
            "iam_arn": "arn:aws:iam::cloudfront:user/CloudFront Origin Access Identity EH7RPW8FYGL9B",
            "id": "EH7RPW8FYGL9B",
            "s3_canonical_user_id": "ee8916bc306929ebaa152bac7e8854ab99cc8aa1adc5ce55fa7f67f352a1dbb2b3528d19c7c474ea7383daf4289bbdb6"
          },
          "sensitive_attributes": [],
          "private": "bnVsbA=="
        }
      ]
    },
    {
      "mode": "managed",
      "type": "aws_dynamodb_table",
      "name": "my_table",
      "provider": "provider[\"registry.terraform.io/hashicorp/aws\"]",
      "instances": [
        {
          "schema_version": 1,
          "attributes": {
            "arn": "arn:aws:dynamodb:us-east-1:499632135972:table/VisitCountPortfolio",
            "attribute": [
              {
                "name": "ID",
                "type": "S"
              }
            ],
            "billing_mode": "PROVISIONED",
            "deletion_protection_enabled": false,
            "global_secondary_index": [],
            "hash_key": "ID",
            "id": "VisitCountPortfolio",
            "local_secondary_index": [],
            "name": "VisitCountPortfolio",
            "point_in_time_recovery": [
              {
                "enabled": false
              }
            ],
            "range_key": null,
            "read_capacity": 10,
            "replica": [],
            "restore_date_time": null,
            "restore_source_name": null,
            "restore_to_latest_time": null,
            "server_side_encryption": [],
            "stream_arn": "",
            "stream_enabled": false,
            "stream_label": "",
            "stream_view_type": "",
            "table_class": "STANDARD",
            "tags": {},
            "tags_all": {},
            "timeouts": null,
            "ttl": [
              {
                "attribute_name": "",
                "enabled": false
              }
            ],
            "write_capacity": 10
          },
          "sensitive_attributes": [],
          "private": "eyJlMmJmYjczMC1lY2FhLTExZTYtOGY4OC0zNDM2M2JjN2M0YzAiOnsiY3JlYXRlIjoxODAwMDAwMDAwMDAwLCJkZWxldGUiOjYwMDAwMDAwMDAwMCwidXBkYXRlIjozNjAwMDAwMDAwMDAwfSwic2NoZW1hX3ZlcnNpb24iOiIxIn0="
        }
      ]
    },
    {
      "mode": "managed",
      "type": "aws_ecr_repository",
      "name": "repo",
      "provider": "provider[\"registry.terraform.io/hashicorp/aws\"]",
      "instances": [
        {
          "schema_version": 0,
          "attributes": {
            "arn": "arn:aws:ecr:us-east-1:499632135972:repository/my-app",
            "encryption_configuration": [
              {
                "encryption_type": "AES256",
                "kms_key": ""
              }
            ],
            "force_delete": null,
            "id": "my-app",
            "image_scanning_configuration": [
              {
                "scan_on_push": false
              }
            ],
            "image_tag_mutability": "MUTABLE",
            "name": "my-app",
            "registry_id": "499632135972",
            "repository_url": "499632135972.dkr.ecr.us-east-1.amazonaws.com/my-app",
            "tags": null,
            "tags_all": {},
            "timeouts": null
          },
          "sensitive_attributes": [],
          "private": "eyJlMmJmYjczMC1lY2FhLTExZTYtOGY4OC0zNDM2M2JjN2M0YzAiOnsiZGVsZXRlIjoxMjAwMDAwMDAwMDAwfX0="
        }
      ]
    },
    {
      "mode": "managed",
      "type": "aws_iam_role",
      "name": "lambda_role",
      "provider": "provider[\"registry.terraform.io/hashicorp/aws\"]",
      "instances": [
        {
          "schema_version": 0,
          "attributes": {
            "arn": "arn:aws:iam::499632135972:role/lambda_role",
            "assume_role_policy": "{\"Statement\":[{\"Action\":\"sts:AssumeRole\",\"Effect\":\"Allow\",\"Principal\":{\"Service\":\"lambda.amazonaws.com\"}}],\"Version\":\"2012-10-17\"}",
            "create_date": "2023-04-16T15:45:06Z",
            "description": "",
            "force_detach_policies": false,
            "id": "lambda_role",
            "inline_policy": [
              {
                "name": "role_policy",
                "policy": "{\"Version\":\"2012-10-17\",\"Statement\":[{\"Action\":[\"dynamodb:GetItem\",\"dynamodb:UpdateItem\"],\"Effect\":\"Allow\",\"Resource\":\"arn:aws:dynamodb:us-east-1:499632135972:table/VisitCountPortfolio\"}]}"
              }
            ],
            "managed_policy_arns": [
              "arn:aws:iam::aws:policy/service-role/AWSLambdaBasicExecutionRole"
            ],
            "max_session_duration": 3600,
            "name": "lambda_role",
            "name_prefix": "",
            "path": "/",
            "permissions_boundary": null,
            "tags": {},
            "tags_all": {},
            "unique_id": "AROAXIVDFL4SP4N3J3NCK"
          },
          "sensitive_attributes": [],
          "private": "bnVsbA==",
          "create_before_destroy": true
        }
      ]
    },
    {
      "mode": "managed",
      "type": "aws_iam_role_policy",
      "name": "access_to_dynamodb",
      "provider": "provider[\"registry.terraform.io/hashicorp/aws\"]",
      "instances": [
        {
          "schema_version": 0,
          "attributes": {
            "id": "lambda_role:role_policy",
            "name": "role_policy",
            "name_prefix": null,
            "policy": "{\"Version\":\"2012-10-17\",\"Statement\":[{\"Action\":[\"dynamodb:GetItem\",\"dynamodb:UpdateItem\"],\"Effect\":\"Allow\",\"Resource\":\"arn:aws:dynamodb:us-east-1:499632135972:table/VisitCountPortfolio\"}]}",
            "role": "lambda_role"
          },
          "sensitive_attributes": [],
          "private": "bnVsbA==",
          "dependencies": [
            "aws_iam_role.lambda_role"
          ]
        }
      ]
    },
    {
      "mode": "managed",
      "type": "aws_iam_role_policy_attachment",
      "name": "basic_policy",
      "provider": "provider[\"registry.terraform.io/hashicorp/aws\"]",
      "instances": [
        {
          "schema_version": 0,
          "attributes": {
            "id": "lambda_role-20230416154506963700000003",
            "policy_arn": "arn:aws:iam::aws:policy/service-role/AWSLambdaBasicExecutionRole",
            "role": "lambda_role"
          },
          "sensitive_attributes": [],
          "private": "bnVsbA==",
          "dependencies": [
            "aws_iam_role.lambda_role"
          ]
        }
      ]
    },
    {
      "mode": "managed",
      "type": "aws_lambda_function",
      "name": "test_lambda",
      "provider": "provider[\"registry.terraform.io/hashicorp/aws\"]",
      "instances": [
        {
          "schema_version": 0,
          "attributes": {
            "architectures": [
              "x86_64"
            ],
            "arn": "arn:aws:lambda:us-east-1:499632135972:function:visitor_count",
            "code_signing_config_arn": "",
            "dead_letter_config": [],
            "description": "",
            "environment": [],
            "ephemeral_storage": [
              {
                "size": 512
              }
            ],
            "file_system_config": [],
            "filename": null,
            "function_name": "visitor_count",
            "handler": "",
            "id": "visitor_count",
            "image_config": [],
            "image_uri": "499632135972.dkr.ecr.us-east-1.amazonaws.com/my-app@sha256:70a04089b10584f4fcdcddaad94a5dc2b17880ecbf41d044e3669a352483616c",
            "invoke_arn": "arn:aws:apigateway:us-east-1:lambda:path/2015-03-31/functions/arn:aws:lambda:us-east-1:499632135972:function:visitor_count/invocations",
            "kms_key_arn": "",
            "last_modified": "2023-04-18T14:58:14.228+0000",
            "layers": null,
            "memory_size": 128,
            "package_type": "Image",
            "publish": false,
            "qualified_arn": "arn:aws:lambda:us-east-1:499632135972:function:visitor_count:$LATEST",
            "qualified_invoke_arn": "arn:aws:apigateway:us-east-1:lambda:path/2015-03-31/functions/arn:aws:lambda:us-east-1:499632135972:function:visitor_count:$LATEST/invocations",
            "replace_security_groups_on_destroy": null,
            "replacement_security_group_ids": null,
            "reserved_concurrent_executions": -1,
            "role": "arn:aws:iam::499632135972:role/lambda_role",
            "runtime": "",
            "s3_bucket": null,
            "s3_key": null,
            "s3_object_version": null,
            "signing_job_arn": "",
            "signing_profile_version_arn": "",
            "skip_destroy": false,
            "snap_start": [],
            "source_code_hash": "70a04089b10584f4fcdcddaad94a5dc2b17880ecbf41d044e3669a352483616c",
            "source_code_size": 0,
            "tags": null,
            "tags_all": {},
            "timeout": 10,
            "timeouts": null,
            "tracing_config": [
              {
                "mode": "PassThrough"
              }
            ],
            "version": "$LATEST",
            "vpc_config": []
          },
          "sensitive_attributes": [],
          "private": "eyJlMmJmYjczMC1lY2FhLTExZTYtOGY4OC0zNDM2M2JjN2M0YzAiOnsiY3JlYXRlIjo2MDAwMDAwMDAwMDAsImRlbGV0ZSI6NjAwMDAwMDAwMDAwLCJ1cGRhdGUiOjYwMDAwMDAwMDAwMH19",
          "dependencies": [
            "aws_ecr_repository.repo",
            "aws_iam_role.lambda_role",
            "data.aws_ecr_authorization_token.token",
            "data.aws_ecr_image.ecr_image",
            "docker_registry_image.repo"
          ]
        }
      ]
    },
    {
      "mode": "managed",
      "type": "aws_lambda_permission",
      "name": "apigw_lambda",
      "provider": "provider[\"registry.terraform.io/hashicorp/aws\"]",
      "instances": [
        {
          "schema_version": 0,
          "attributes": {
            "action": "lambda:InvokeFunction",
            "event_source_token": null,
            "function_name": "visitor_count",
            "function_url_auth_type": null,
            "id": "AllowExecutionFromAPIGateway",
            "principal": "apigateway.amazonaws.com",
            "principal_org_id": null,
            "qualifier": "",
            "source_account": null,
            "source_arn": "arn:aws:execute-api:us-east-1:499632135972:s49ci2jxd9/*/GET/visitors_count",
            "statement_id": "AllowExecutionFromAPIGateway",
            "statement_id_prefix": ""
          },
          "sensitive_attributes": [],
          "private": "bnVsbA==",
          "dependencies": [
            "aws_api_gateway_method.api_method",
            "aws_api_gateway_resource.api_resource",
            "aws_api_gateway_rest_api.rest_api",
            "aws_ecr_repository.repo",
            "aws_iam_role.lambda_role",
            "aws_lambda_function.test_lambda",
            "data.aws_ecr_authorization_token.token",
            "data.aws_ecr_image.ecr_image",
            "docker_registry_image.repo"
          ]
        }
      ]
    },
    {
      "mode": "managed",
      "type": "aws_route53_record",
      "name": "my_record",
      "provider": "provider[\"registry.terraform.io/hashicorp/aws\"]",
      "instances": [
        {
          "schema_version": 2,
          "attributes": {
            "alias": [
              {
                "evaluate_target_health": true,
                "name": "d3onzh02aphkf.cloudfront.net",
                "zone_id": "Z2FDTNDATAQYW2"
              }
            ],
            "allow_overwrite": true,
            "cidr_routing_policy": [],
            "failover_routing_policy": [],
            "fqdn": "simonhaddadgervais.com",
            "geolocation_routing_policy": [],
            "health_check_id": "",
            "id": "Z0513579U6CHH2XQNOAD_simonhaddadgervais.com_A",
            "latency_routing_policy": [],
            "multivalue_answer_routing_policy": false,
            "name": "simonhaddadgervais.com",
            "records": [],
            "set_identifier": "",
            "ttl": 0,
            "type": "A",
            "weighted_routing_policy": [],
            "zone_id": "Z0513579U6CHH2XQNOAD"
          },
          "sensitive_attributes": [],
          "private": "eyJzY2hlbWFfdmVyc2lvbiI6IjIifQ==",
          "dependencies": [
            "aws_acm_certificate.certificate",
            "aws_cloudfront_distribution.s3_distribution",
            "aws_cloudfront_origin_access_identity.origin_access_identity",
            "aws_s3_bucket.bucket",
            "data.aws_route53_zone.hosted_zone"
          ]
        }
      ]
    },
    {
      "mode": "managed",
      "type": "aws_route53_record",
      "name": "record_validate",
      "provider": "provider[\"registry.terraform.io/hashicorp/aws\"]",
      "instances": [
        {
          "index_key": "simonhaddadgervais.com",
          "schema_version": 2,
          "attributes": {
            "alias": [],
            "allow_overwrite": true,
            "cidr_routing_policy": [],
            "failover_routing_policy": [],
            "fqdn": "_6df97d2a6f3bc992dce16bf7d8eb8468.simonhaddadgervais.com",
            "geolocation_routing_policy": [],
            "health_check_id": "",
            "id": "Z0513579U6CHH2XQNOAD__6df97d2a6f3bc992dce16bf7d8eb8468.simonhaddadgervais.com._CNAME",
            "latency_routing_policy": [],
            "multivalue_answer_routing_policy": false,
            "name": "_6df97d2a6f3bc992dce16bf7d8eb8468.simonhaddadgervais.com",
            "records": [
              "_1522a82f021268afcc776c9ed6616577.ndlxkpgcgs.acm-validations.aws."
            ],
            "set_identifier": "",
            "ttl": 60,
            "type": "CNAME",
            "weighted_routing_policy": [],
            "zone_id": "Z0513579U6CHH2XQNOAD"
          },
          "sensitive_attributes": [],
          "private": "eyJzY2hlbWFfdmVyc2lvbiI6IjIifQ==",
          "dependencies": [
            "aws_acm_certificate.certificate"
          ]
        }
      ]
    },
    {
      "mode": "managed",
      "type": "aws_s3_bucket",
      "name": "bucket",
      "provider": "provider[\"registry.terraform.io/hashicorp/aws\"]",
      "instances": [
        {
          "schema_version": 0,
          "attributes": {
            "acceleration_status": "",
            "acl": null,
            "arn": "arn:aws:s3:::simonresume",
            "bucket": "simonresume",
            "bucket_domain_name": "simonresume.s3.amazonaws.com",
            "bucket_prefix": "",
            "bucket_regional_domain_name": "simonresume.s3.amazonaws.com",
            "cors_rule": [],
            "force_destroy": null,
            "grant": [
              {
                "id": "",
                "permissions": [
                  "READ"
                ],
                "type": "Group",
                "uri": "http://acs.amazonaws.com/groups/global/AllUsers"
              },
              {
                "id": "5c92750140614c93648bdc5ec43ded041fc5b84e3ff3b7a998eee17b3a20fb44",
                "permissions": [
                  "FULL_CONTROL"
                ],
                "type": "CanonicalUser",
                "uri": ""
              }
            ],
            "hosted_zone_id": "Z3AQBSTGFYJSTF",
            "id": "simonresume",
            "lifecycle_rule": [],
            "logging": [],
            "object_lock_configuration": [],
            "object_lock_enabled": false,
            "policy": "{\"Statement\":[{\"Action\":\"s3:GetObject\",\"Effect\":\"Allow\",\"Principal\":\"*\",\"Resource\":\"arn:aws:s3:::simonresume/*\",\"Sid\":\"PublicReadForGetBucketObjects\"}],\"Version\":\"2012-10-17\"}",
            "region": "us-east-1",
            "replication_configuration": [],
            "request_payer": "BucketOwner",
            "server_side_encryption_configuration": [
              {
                "rule": [
                  {
                    "apply_server_side_encryption_by_default": [
                      {
                        "kms_master_key_id": "",
                        "sse_algorithm": "AES256"
                      }
                    ],
                    "bucket_key_enabled": false
                  }
                ]
              }
            ],
            "tags": {},
            "tags_all": {},
            "timeouts": null,
            "versioning": [
              {
                "enabled": false,
                "mfa_delete": false
              }
            ],
            "website": [
              {
                "error_document": "",
                "index_document": "index.html",
                "redirect_all_requests_to": "",
                "routing_rules": ""
              }
            ],
            "website_domain": "s3-website-us-east-1.amazonaws.com",
            "website_endpoint": "simonresume.s3-website-us-east-1.amazonaws.com"
          },
          "sensitive_attributes": [],
          "private": "eyJlMmJmYjczMC1lY2FhLTExZTYtOGY4OC0zNDM2M2JjN2M0YzAiOnsiY3JlYXRlIjoxMjAwMDAwMDAwMDAwLCJkZWxldGUiOjM2MDAwMDAwMDAwMDAsInJlYWQiOjEyMDAwMDAwMDAwMDAsInVwZGF0ZSI6MTIwMDAwMDAwMDAwMH0sInNjaGVtYV92ZXJzaW9uIjoiMCJ9"
        }
      ]
    },
    {
      "mode": "managed",
      "type": "aws_s3_bucket_policy",
      "name": "bucket_policy",
      "provider": "provider[\"registry.terraform.io/hashicorp/aws\"]",
      "instances": [
        {
          "schema_version": 0,
          "attributes": {
            "bucket": "simonresume",
            "id": "simonresume",
            "policy": "{\"Statement\":[{\"Action\":\"s3:GetObject\",\"Effect\":\"Allow\",\"Principal\":\"*\",\"Resource\":\"arn:aws:s3:::simonresume/*\",\"Sid\":\"PublicReadForGetBucketObjects\"}],\"Version\":\"2012-10-17\"}"
          },
          "sensitive_attributes": [],
          "private": "bnVsbA==",
          "dependencies": [
            "aws_s3_bucket.bucket"
          ]
        }
      ]
    },
    {
      "mode": "managed",
      "type": "aws_s3_bucket_policy",
      "name": "example",
      "provider": "provider[\"registry.terraform.io/hashicorp/aws\"]",
      "instances": [
        {
          "schema_version": 0,
          "attributes": {
            "bucket": "simonresume",
            "id": "simonresume",
            "policy": "{\"Statement\":[{\"Action\":\"s3:GetObject\",\"Effect\":\"Allow\",\"Principal\":{\"AWS\":\"arn:aws:iam::cloudfront:user/CloudFront Origin Access Identity EH7RPW8FYGL9B\"},\"Resource\":\"arn:aws:s3:::simonresume/*\",\"Sid\":\"\"}],\"Version\":\"2012-10-17\"}"
          },
          "sensitive_attributes": [],
          "private": "bnVsbA==",
          "dependencies": [
            "aws_s3_bucket.bucket",
            "data.aws_iam_policy_document.s3_policy"
          ]
        }
      ]
    },
    {
      "mode": "managed",
      "type": "docker_registry_image",
      "name": "repo",
      "provider": "provider[\"registry.terraform.io/kreuzwerker/docker\"]",
      "instances": [
        {
          "schema_version": 0,
          "attributes": {
            "build": [
              {
                "auth_config": [],
                "build_args": null,
                "build_id": "",
                "cache_from": null,
                "cgroup_parent": "",
                "context": "../visitors_count",
                "cpu_period": 0,
                "cpu_quota": 0,
                "cpu_set_cpus": "",
                "cpu_set_mems": "",
                "cpu_shares": 0,
                "dockerfile": "Dockerfile",
                "extra_hosts": null,
                "force_remove": false,
                "isolation": "",
                "labels": null,
                "memory": 0,
                "memory_swap": 0,
                "network_mode": "",
                "no_cache": false,
                "platform": "",
                "pull_parent": false,
                "remote_context": "",
                "remove": false,
                "security_opt": null,
                "session_id": "",
                "shm_size": 0,
                "squash": false,
                "suppress_output": false,
                "target": "",
                "ulimit": [],
                "version": ""
              }
            ],
            "id": "sha256:70a04089b10584f4fcdcddaad94a5dc2b17880ecbf41d044e3669a352483616c",
            "insecure_skip_verify": false,
            "keep_remotely": false,
            "name": "499632135972.dkr.ecr.us-east-1.amazonaws.com/my-app:latest",
            "sha256_digest": "sha256:70a04089b10584f4fcdcddaad94a5dc2b17880ecbf41d044e3669a352483616c"
          },
          "sensitive_attributes": [],
          "private": "bnVsbA==",
          "dependencies": [
            "aws_ecr_repository.repo",
            "data.aws_ecr_authorization_token.token"
          ]
        }
      ]
    }
  ],
  "check_results": null
}
